[root]
name = "gdbmi"
version = "0.1.0"
dependencies = [
 "lazy_static 0.2.2 (registry+https://github.com/rust-lang/crates.io-index)",
 "libc 0.2.20 (registry+https://github.com/rust-lang/crates.io-index)",
 "ndarray 0.6.10 (registry+https://github.com/rust-lang/crates.io-index)",
 "nix 0.7.0 (registry+https://github.com/rust-lang/crates.io-index)",
 "nom 1.2.4 (registry+https://github.com/rust-lang/crates.io-index)",
 "smallvec 0.3.1 (registry+https://github.com/rust-lang/crates.io-index)",
 "syntect 1.0.4 (registry+https://github.com/rust-lang/crates.io-index)",
 "termion 1.1.4 (git+https://github.com/ftilde/termion)",
 "unicode-segmentation 1.0.1 (registry+https://github.com/rust-lang/crates.io-index)",
 "unicode-width 0.1.4 (registry+https://github.com/rust-lang/crates.io-index)",
]

[[package]]
name = "bincode"
version = "0.6.1"
source = "registry+https://github.com/rust-lang/crates.io-index"
dependencies = [
 "byteorder 1.0.0 (registry+https://github.com/rust-lang/crates.io-index)",
 "num-traits 0.1.36 (registry+https://github.com/rust-lang/crates.io-index)",
 "rustc-serialize 0.3.22 (registry+https://github.com/rust-lang/crates.io-index)",
 "serde 0.8.23 (registry+https://github.com/rust-lang/crates.io-index)",
]

[[package]]
name = "bitflags"
version = "0.4.0"
source = "registry+https://github.com/rust-lang/crates.io-index"

[[package]]
name = "bitflags"
version = "0.7.0"
source = "registry+https://github.com/rust-lang/crates.io-index"

[[package]]
name = "byteorder"
version = "0.5.3"
source = "registry+https://github.com/rust-lang/crates.io-index"

[[package]]
name = "byteorder"
version = "1.0.0"
source = "registry+https://github.com/rust-lang/crates.io-index"

[[package]]
name = "cfg-if"
version = "0.1.0"
source = "registry+https://github.com/rust-lang/crates.io-index"

[[package]]
name = "chrono"
version = "0.2.25"
source = "registry+https://github.com/rust-lang/crates.io-index"
dependencies = [
 "num 0.1.36 (registry+https://github.com/rust-lang/crates.io-index)",
 "time 0.1.36 (registry+https://github.com/rust-lang/crates.io-index)",
]

[[package]]
name = "cmake"
version = "0.1.20"
source = "registry+https://github.com/rust-lang/crates.io-index"
dependencies = [
 "gcc 0.3.42 (registry+https://github.com/rust-lang/crates.io-index)",
]

[[package]]
name = "either"
version = "1.0.2"
source = "registry+https://github.com/rust-lang/crates.io-index"

[[package]]
name = "flate2"
version = "0.2.17"
source = "registry+https://github.com/rust-lang/crates.io-index"
dependencies = [
 "libc 0.2.20 (registry+https://github.com/rust-lang/crates.io-index)",
 "miniz-sys 0.1.9 (registry+https://github.com/rust-lang/crates.io-index)",
]

[[package]]
name = "fnv"
version = "1.0.5"
source = "registry+https://github.com/rust-lang/crates.io-index"

[[package]]
name = "gcc"
version = "0.3.42"
source = "registry+https://github.com/rust-lang/crates.io-index"

[[package]]
name = "itertools"
version = "0.5.9"
source = "registry+https://github.com/rust-lang/crates.io-index"
dependencies = [
 "either 1.0.2 (registry+https://github.com/rust-lang/crates.io-index)",
]

[[package]]
name = "kernel32-sys"
version = "0.2.2"
source = "registry+https://github.com/rust-lang/crates.io-index"
dependencies = [
 "winapi 0.2.8 (registry+https://github.com/rust-lang/crates.io-index)",
 "winapi-build 0.1.1 (registry+https://github.com/rust-lang/crates.io-index)",
]

[[package]]
name = "lazy_static"
version = "0.2.2"
source = "registry+https://github.com/rust-lang/crates.io-index"

[[package]]
name = "libc"
version = "0.2.20"
source = "registry+https://github.com/rust-lang/crates.io-index"

[[package]]
name = "matrixmultiply"
version = "0.1.13"
source = "registry+https://github.com/rust-lang/crates.io-index"
dependencies = [
 "rawpointer 0.1.0 (registry+https://github.com/rust-lang/crates.io-index)",
]

[[package]]
name = "miniz-sys"
version = "0.1.9"
source = "registry+https://github.com/rust-lang/crates.io-index"
dependencies = [
 "gcc 0.3.42 (registry+https://github.com/rust-lang/crates.io-index)",
 "libc 0.2.20 (registry+https://github.com/rust-lang/crates.io-index)",
]

[[package]]
name = "ndarray"
version = "0.6.10"
source = "registry+https://github.com/rust-lang/crates.io-index"
dependencies = [
 "itertools 0.5.9 (registry+https://github.com/rust-lang/crates.io-index)",
 "matrixmultiply 0.1.13 (registry+https://github.com/rust-lang/crates.io-index)",
 "num-complex 0.1.35 (registry+https://github.com/rust-lang/crates.io-index)",
 "num-traits 0.1.36 (registry+https://github.com/rust-lang/crates.io-index)",
]

[[package]]
name = "nix"
version = "0.7.0"
source = "registry+https://github.com/rust-lang/crates.io-index"
dependencies = [
 "bitflags 0.4.0 (registry+https://github.com/rust-lang/crates.io-index)",
 "cfg-if 0.1.0 (registry+https://github.com/rust-lang/crates.io-index)",
 "libc 0.2.20 (registry+https://github.com/rust-lang/crates.io-index)",
 "rustc_version 0.1.7 (registry+https://github.com/rust-lang/crates.io-index)",
 "semver 0.1.20 (registry+https://github.com/rust-lang/crates.io-index)",
 "void 1.0.2 (registry+https://github.com/rust-lang/crates.io-index)",
]

[[package]]
name = "nom"
version = "1.2.4"
source = "registry+https://github.com/rust-lang/crates.io-index"

[[package]]
name = "num"
version = "0.1.36"
source = "registry+https://github.com/rust-lang/crates.io-index"
dependencies = [
 "num-integer 0.1.32 (registry+https://github.com/rust-lang/crates.io-index)",
 "num-iter 0.1.32 (registry+https://github.com/rust-lang/crates.io-index)",
 "num-traits 0.1.36 (registry+https://github.com/rust-lang/crates.io-index)",
]

[[package]]
name = "num-complex"
version = "0.1.35"
source = "registry+https://github.com/rust-lang/crates.io-index"
dependencies = [
 "num-traits 0.1.36 (registry+https://github.com/rust-lang/crates.io-index)",
]

[[package]]
name = "num-integer"
version = "0.1.32"
source = "registry+https://github.com/rust-lang/crates.io-index"
dependencies = [
 "num-traits 0.1.36 (registry+https://github.com/rust-lang/crates.io-index)",
]

[[package]]
name = "num-iter"
version = "0.1.32"
source = "registry+https://github.com/rust-lang/crates.io-index"
dependencies = [
 "num-integer 0.1.32 (registry+https://github.com/rust-lang/crates.io-index)",
 "num-traits 0.1.36 (registry+https://github.com/rust-lang/crates.io-index)",
]

[[package]]
name = "num-traits"
version = "0.1.36"
source = "registry+https://github.com/rust-lang/crates.io-index"

[[package]]
name = "onig"
version = "1.2.0"
source = "registry+https://github.com/rust-lang/crates.io-index"
dependencies = [
 "bitflags 0.7.0 (registry+https://github.com/rust-lang/crates.io-index)",
 "lazy_static 0.2.2 (registry+https://github.com/rust-lang/crates.io-index)",
 "libc 0.2.20 (registry+https://github.com/rust-lang/crates.io-index)",
 "onig_sys 61.1.0 (registry+https://github.com/rust-lang/crates.io-index)",
]

[[package]]
name = "onig_sys"
version = "61.1.0"
source = "registry+https://github.com/rust-lang/crates.io-index"
dependencies = [
 "cmake 0.1.20 (registry+https://github.com/rust-lang/crates.io-index)",
 "libc 0.2.20 (registry+https://github.com/rust-lang/crates.io-index)",
 "pkg-config 0.3.9 (registry+https://github.com/rust-lang/crates.io-index)",
]

[[package]]
name = "pkg-config"
version = "0.3.9"
source = "registry+https://github.com/rust-lang/crates.io-index"

[[package]]
name = "plist"
version = "0.0.14"
source = "registry+https://github.com/rust-lang/crates.io-index"
dependencies = [
 "byteorder 0.5.3 (registry+https://github.com/rust-lang/crates.io-index)",
 "chrono 0.2.25 (registry+https://github.com/rust-lang/crates.io-index)",
 "rustc-serialize 0.3.22 (registry+https://github.com/rust-lang/crates.io-index)",
 "serde 0.7.15 (registry+https://github.com/rust-lang/crates.io-index)",
 "xml-rs 0.3.5 (registry+https://github.com/rust-lang/crates.io-index)",
]

[[package]]
name = "rawpointer"
version = "0.1.0"
source = "registry+https://github.com/rust-lang/crates.io-index"

[[package]]
name = "redox_syscall"
version = "0.1.16"
source = "registry+https://github.com/rust-lang/crates.io-index"

[[package]]
name = "regex-syntax"
version = "0.3.9"
source = "registry+https://github.com/rust-lang/crates.io-index"

[[package]]
name = "rustc-serialize"
version = "0.3.22"
source = "registry+https://github.com/rust-lang/crates.io-index"

[[package]]
name = "rustc_version"
version = "0.1.7"
source = "registry+https://github.com/rust-lang/crates.io-index"
dependencies = [
 "semver 0.1.20 (registry+https://github.com/rust-lang/crates.io-index)",
]

[[package]]
name = "semver"
version = "0.1.20"
source = "registry+https://github.com/rust-lang/crates.io-index"

[[package]]
name = "serde"
version = "0.7.15"
source = "registry+https://github.com/rust-lang/crates.io-index"

[[package]]
name = "serde"
version = "0.8.23"
source = "registry+https://github.com/rust-lang/crates.io-index"

[[package]]
name = "smallvec"
version = "0.3.1"
source = "registry+https://github.com/rust-lang/crates.io-index"

[[package]]
name = "syntect"
version = "1.0.4"
source = "registry+https://github.com/rust-lang/crates.io-index"
dependencies = [
 "bincode 0.6.1 (registry+https://github.com/rust-lang/crates.io-index)",
 "bitflags 0.7.0 (registry+https://github.com/rust-lang/crates.io-index)",
 "flate2 0.2.17 (registry+https://github.com/rust-lang/crates.io-index)",
 "fnv 1.0.5 (registry+https://github.com/rust-lang/crates.io-index)",
 "lazy_static 0.2.2 (registry+https://github.com/rust-lang/crates.io-index)",
 "onig 1.2.0 (registry+https://github.com/rust-lang/crates.io-index)",
 "plist 0.0.14 (registry+https://github.com/rust-lang/crates.io-index)",
 "regex-syntax 0.3.9 (registry+https://github.com/rust-lang/crates.io-index)",
 "rustc-serialize 0.3.22 (registry+https://github.com/rust-lang/crates.io-index)",
 "walkdir 0.1.8 (registry+https://github.com/rust-lang/crates.io-index)",
 "yaml-rust 0.3.5 (registry+https://github.com/rust-lang/crates.io-index)",
]

[[package]]
name = "termion"
version = "1.1.4"
source = "git+https://github.com/ftilde/termion#c4da500ebd14e73bef13834885ebeee30807a671"
dependencies = [
 "libc 0.2.20 (registry+https://github.com/rust-lang/crates.io-index)",
]

[[package]]
name = "time"
version = "0.1.36"
source = "registry+https://github.com/rust-lang/crates.io-index"
dependencies = [
 "kernel32-sys 0.2.2 (registry+https://github.com/rust-lang/crates.io-index)",
 "libc 0.2.20 (registry+https://github.com/rust-lang/crates.io-index)",
 "redox_syscall 0.1.16 (registry+https://github.com/rust-lang/crates.io-index)",
 "winapi 0.2.8 (registry+https://github.com/rust-lang/crates.io-index)",
]

[[package]]
name = "unicode-segmentation"
version = "1.0.1"
source = "registry+https://github.com/rust-lang/crates.io-index"

[[package]]
name = "unicode-width"
version = "0.1.4"
source = "registry+https://github.com/rust-lang/crates.io-index"

[[package]]
name = "void"
version = "1.0.2"
source = "registry+https://github.com/rust-lang/crates.io-index"

[[package]]
name = "walkdir"
version = "0.1.8"
source = "registry+https://github.com/rust-lang/crates.io-index"
dependencies = [
 "kernel32-sys 0.2.2 (registry+https://github.com/rust-lang/crates.io-index)",
 "winapi 0.2.8 (registry+https://github.com/rust-lang/crates.io-index)",
]

[[package]]
name = "winapi"
version = "0.2.8"
source = "registry+https://github.com/rust-lang/crates.io-index"

[[package]]
name = "winapi-build"
version = "0.1.1"
source = "registry+https://github.com/rust-lang/crates.io-index"

[[package]]
name = "xml-rs"
version = "0.3.5"
source = "registry+https://github.com/rust-lang/crates.io-index"
dependencies = [
 "bitflags 0.7.0 (registry+https://github.com/rust-lang/crates.io-index)",
]

[[package]]
name = "yaml-rust"
version = "0.3.5"
source = "registry+https://github.com/rust-lang/crates.io-index"

[metadata]
"checksum bincode 0.6.1 (registry+https://github.com/rust-lang/crates.io-index)" = "55eb0b7fd108527b0c77860f75eca70214e11a8b4c6ef05148c54c05a25d48ad"
"checksum bitflags 0.4.0 (registry+https://github.com/rust-lang/crates.io-index)" = "8dead7461c1127cf637931a1e50934eb6eee8bff2f74433ac7909e9afcee04a3"
"checksum bitflags 0.7.0 (registry+https://github.com/rust-lang/crates.io-index)" = "aad18937a628ec6abcd26d1489012cc0e18c21798210f491af69ded9b881106d"
"checksum byteorder 0.5.3 (registry+https://github.com/rust-lang/crates.io-index)" = "0fc10e8cc6b2580fda3f36eb6dc5316657f812a3df879a44a66fc9f0fdbc4855"
"checksum byteorder 1.0.0 (registry+https://github.com/rust-lang/crates.io-index)" = "c40977b0ee6b9885c9013cd41d9feffdd22deb3bb4dc3a71d901cc7a77de18c8"
"checksum cfg-if 0.1.0 (registry+https://github.com/rust-lang/crates.io-index)" = "de1e760d7b6535af4241fca8bd8adf68e2e7edacc6b29f5d399050c5e48cf88c"
"checksum chrono 0.2.25 (registry+https://github.com/rust-lang/crates.io-index)" = "9213f7cd7c27e95c2b57c49f0e69b1ea65b27138da84a170133fd21b07659c00"
"checksum cmake 0.1.20 (registry+https://github.com/rust-lang/crates.io-index)" = "a3a6805df695087e7c1bcd9a82e03ad6fb864c8e67ac41b1348229ce5b7f0407"
"checksum either 1.0.2 (registry+https://github.com/rust-lang/crates.io-index)" = "3d2b503c86dad62aaf414ecf2b8c527439abedb3f8d812537f0b12bfd6f32a91"
"checksum flate2 0.2.17 (registry+https://github.com/rust-lang/crates.io-index)" = "d4e4d0c15ef829cbc1b7cda651746be19cceeb238be7b1049227b14891df9e25"
"checksum fnv 1.0.5 (registry+https://github.com/rust-lang/crates.io-index)" = "6cc484842f1e2884faf56f529f960cc12ad8c71ce96cc7abba0a067c98fee344"
"checksum gcc 0.3.42 (registry+https://github.com/rust-lang/crates.io-index)" = "291055c78f59ca3d84c99026c9501c469413d386bb46be1e1cf1d285cd1db3b0"
"checksum itertools 0.5.9 (registry+https://github.com/rust-lang/crates.io-index)" = "d95557e7ba6b71377b0f2c3b3ae96c53f1b75a926a6901a500f557a370af730a"
"checksum kernel32-sys 0.2.2 (registry+https://github.com/rust-lang/crates.io-index)" = "7507624b29483431c0ba2d82aece8ca6cdba9382bff4ddd0f7490560c056098d"
"checksum lazy_static 0.2.2 (registry+https://github.com/rust-lang/crates.io-index)" = "6abe0ee2e758cd6bc8a2cd56726359007748fbf4128da998b65d0b70f881e19b"
"checksum libc 0.2.20 (registry+https://github.com/rust-lang/crates.io-index)" = "684f330624d8c3784fb9558ca46c4ce488073a8d22450415c5eb4f4cfb0d11b5"
"checksum matrixmultiply 0.1.13 (registry+https://github.com/rust-lang/crates.io-index)" = "7ce012d2c43046267a74283eaa7e9a51941479901e2b86702be10f27e2779158"
"checksum miniz-sys 0.1.9 (registry+https://github.com/rust-lang/crates.io-index)" = "28eaee17666671fa872e567547e8428e83308ebe5808cdf6a0e28397dbe2c726"
"checksum ndarray 0.6.10 (registry+https://github.com/rust-lang/crates.io-index)" = "89546d09f09763c3f9b975cb45f4f9941b884f07b26116ab0fbcb169a1bba9ff"
"checksum nix 0.7.0 (registry+https://github.com/rust-lang/crates.io-index)" = "a0d95c5fa8b641c10ad0b8887454ebaafa3c92b5cd5350f8fc693adafd178e7b"
"checksum nom 1.2.4 (registry+https://github.com/rust-lang/crates.io-index)" = "a5b8c256fd9471521bcb84c3cdba98921497f1a331cbc15b8030fc63b82050ce"
"checksum num 0.1.36 (registry+https://github.com/rust-lang/crates.io-index)" = "bde7c03b09e7c6a301ee81f6ddf66d7a28ec305699e3d3b056d2fc56470e3120"
"checksum num-complex 0.1.35 (registry+https://github.com/rust-lang/crates.io-index)" = "f0c78e054dd19c3fd03419ade63fa661e9c49bb890ce3beb4eee5b7baf93f92f"
"checksum num-integer 0.1.32 (registry+https://github.com/rust-lang/crates.io-index)" = "fb24d9bfb3f222010df27995441ded1e954f8f69cd35021f6bef02ca9552fb92"
"checksum num-iter 0.1.32 (registry+https://github.com/rust-lang/crates.io-index)" = "287a1c9969a847055e1122ec0ea7a5c5d6f72aad97934e131c83d5c08ab4e45c"
"checksum num-traits 0.1.36 (registry+https://github.com/rust-lang/crates.io-index)" = "a16a42856a256b39c6d3484f097f6713e14feacd9bfb02290917904fae46c81c"
"checksum onig 1.2.0 (registry+https://github.com/rust-lang/crates.io-index)" = "0c5f586e53fa11ead18582956ea282c30baea1f25d3ee4c5fb85803f98727cb7"
"checksum onig_sys 61.1.0 (registry+https://github.com/rust-lang/crates.io-index)" = "a35f2cca300f0945538564da6052a449db55e65870cf0e9d443c1bce3d5dda47"
"checksum pkg-config 0.3.9 (registry+https://github.com/rust-lang/crates.io-index)" = "3a8b4c6b8165cd1a1cd4b9b120978131389f64bdaf456435caa41e630edba903"
"checksum plist 0.0.14 (registry+https://github.com/rust-lang/crates.io-index)" = "29f7f7deddf1244a97e2771e47edb01e5b5603d133bd4a0e516ea0e6817adc64"
"checksum rawpointer 0.1.0 (registry+https://github.com/rust-lang/crates.io-index)" = "ebac11a9d2e11f2af219b8b8d833b76b1ea0e054aa0e8d8e9e4cbde353bdf019"
"checksum redox_syscall 0.1.16 (registry+https://github.com/rust-lang/crates.io-index)" = "8dd35cc9a8bdec562c757e3d43c1526b5c6d2653e23e2315065bc25556550753"
"checksum regex-syntax 0.3.9 (registry+https://github.com/rust-lang/crates.io-index)" = "f9ec002c35e86791825ed294b50008eea9ddfc8def4420124fbc6b08db834957"
"checksum rustc-serialize 0.3.22 (registry+https://github.com/rust-lang/crates.io-index)" = "237546c689f20bb44980270c73c3b9edd0891c1be49cc1274406134a66d3957b"
"checksum rustc_version 0.1.7 (registry+https://github.com/rust-lang/crates.io-index)" = "c5f5376ea5e30ce23c03eb77cbe4962b988deead10910c372b226388b594c084"
"checksum semver 0.1.20 (registry+https://github.com/rust-lang/crates.io-index)" = "d4f410fedcf71af0345d7607d246e7ad15faaadd49d240ee3b24e5dc21a820ac"
"checksum serde 0.7.15 (registry+https://github.com/rust-lang/crates.io-index)" = "1b0e0732aa8ec4267f61815a396a942ba3525062e3bd5520aa8419927cfc0a92"
"checksum serde 0.8.23 (registry+https://github.com/rust-lang/crates.io-index)" = "9dad3f759919b92c3068c696c15c3d17238234498bbdcc80f2c469606f948ac8"
"checksum smallvec 0.3.1 (registry+https://github.com/rust-lang/crates.io-index)" = "3a3c84984c278afe61a46e19868e8b23e2ee3be5b3cc6dea6edad4893bc6c841"
"checksum syntect 1.0.4 (registry+https://github.com/rust-lang/crates.io-index)" = "8ba7b72e9fd69b1bb80c11eda8a56b95a5156a5bdd7208f358ee7042296313e8"
"checksum termion 1.1.4 (git+https://github.com/ftilde/termion)" = "<none>"
"checksum time 0.1.36 (registry+https://github.com/rust-lang/crates.io-index)" = "211b63c112206356ef1ff9b19355f43740fc3f85960c598a93d3a3d3ba7beade"
"checksum unicode-segmentation 1.0.1 (registry+https://github.com/rust-lang/crates.io-index)" = "7baebdc1df1363fa66161fca2fe047e4f4209011cc7e045948298996afdf85df"
"checksum unicode-width 0.1.4 (registry+https://github.com/rust-lang/crates.io-index)" = "bf3a113775714a22dcb774d8ea3655c53a32debae63a063acc00a91cc586245f"
"checksum void 1.0.2 (registry+https://github.com/rust-lang/crates.io-index)" = "6a02e4885ed3bc0f2de90ea6dd45ebcbb66dacffe03547fadbb0eeae2770887d"
"checksum walkdir 0.1.8 (registry+https://github.com/rust-lang/crates.io-index)" = "c66c0b9792f0a765345452775f3adbd28dde9d33f30d13e5dcc5ae17cf6f3780"
"checksum winapi 0.2.8 (registry+https://github.com/rust-lang/crates.io-index)" = "167dc9d6949a9b857f3451275e911c3f44255842c1f7a76f33c55103a909087a"
"checksum winapi-build 0.1.1 (registry+https://github.com/rust-lang/crates.io-index)" = "2d315eee3b34aca4797b2da6b13ed88266e6d612562a0c46390af8299fc699bc"
"checksum xml-rs 0.3.5 (registry+https://github.com/rust-lang/crates.io-index)" = "f2b15eed12692bd59d15e98ee7f8dc8408465b992d8ddb4d1672c24865132ec7"
"checksum yaml-rust 0.3.5 (registry+https://github.com/rust-lang/crates.io-index)" = "e66366e18dc58b46801afbf2ca7661a9f59cc8c5962c29892b6039b4f86fa992"
